
Microsoft Visual Studio Solution File, Format Version 12.00
# Visual Studio Version 16
VisualStudioVersion = 16.0.30413.136
MinimumVisualStudioVersion = 10.0.40219.1
Project("{FAE04EC0-301F-11D3-BF4B-00C04F79EFBC}") = "ChaikenLaw.Web", "ChaikenLaw.Web\ChaikenLaw.Web.csproj", "{852A0445-7ADF-4BB2-B743-FBA9DF3756C5}"
EndProject
Global
	GlobalSection(SolutionConfigurationPlatforms) = preSolution
		Debug|Any CPU = Debug|Any CPU
		Release|Any CPU = Release|Any CPU
	EndGlobalSection
	GlobalSection(ProjectConfigurationPlatforms) = postSolution
		{852A0445-7ADF-4BB2-B743-FBA9DF3756C5}.Debug|Any CPU.ActiveCfg = Debug|Any CPU
		{852A0445-7ADF-4BB2-B743-FBA9DF3756C5}.Debug|Any CPU.Build.0 = Debug|Any CPU
		{852A0445-7ADF-4BB2-B743-FBA9DF3756C5}.Release|Any CPU.ActiveCfg = Release|Any CPU
		{852A0445-7ADF-4BB2-B743-FBA9DF3756C5}.Release|Any CPU.Build.0 = Release|Any CPU
	EndGlobalSection
	GlobalSection(SolutionProperties) = preSolution
		HideSolutionNode = FALSE
	EndGlobalSection
	GlobalSection(ExtensibilityGlobals) = postSolution
		SolutionGuid = {18EBCB62-6243-4A07-AAAC-D606732983E0}
	EndGlobalSection
EndGlobal
